
Microsoft Visual Studio Solution File, Format Version 12.00
# Visual Studio Version 16
VisualStudioVersion = 16.0.30320.27
MinimumVisualStudioVersion = 10.0.40219.1
Project("{2150E333-8FDC-42A3-9474-1A3956D46DE8}") = "lib", "lib", "{610E5DE4-72A3-4028-9B3C-F50F79B28544}"
EndProject
Project("{2150E333-8FDC-42A3-9474-1A3956D46DE8}") = "services", "services", "{89043B2F-51C3-469C-AA5A-C42BC02CF609}"
EndProject
Project("{9A19103F-16F7-4668-BE54-9A1E7A4F7556}") = "Alidu.Common", "lib\Alidu.Common\Alidu.Common.csproj", "{1B2EACE1-5630-4786-B593-80C1B32A724F}"
EndProject
Project("{9A19103F-16F7-4668-BE54-9A1E7A4F7556}") = "Alidu.Core.Domain", "lib\Alidu.Core.Domain\Alidu.Core.Domain.csproj", "{A7CFE82B-EAC4-4944-B153-E1AC2A90F8B9}"
EndProject
Project("{9A19103F-16F7-4668-BE54-9A1E7A4F7556}") = "Alidu.MessageBus", "lib\Alidu.MessageBus\Alidu.MessageBus.csproj", "{DF65948A-F3EF-4F1A-B7A4-31310A000CED}"
EndProject
Project("{9A19103F-16F7-4668-BE54-9A1E7A4F7556}") = "Alidu.MessageBus.RabbitMQ", "lib\Alidu.MessageBus.RabbitMQ\Alidu.MessageBus.RabbitMQ.csproj", "{4EBD2C7A-EBC9-44C7-8838-B89ED81366E4}"
EndProject
Project("{9A19103F-16F7-4668-BE54-9A1E7A4F7556}") = "Alidu.EFCore", "lib\Alidu.EFCore\Alidu.EFCore.csproj", "{CC7F3F67-555E-4AB5-B5FB-356E77DF0D41}"
EndProject
Project("{9A19103F-16F7-4668-BE54-9A1E7A4F7556}") = "Alidu.EFCore.MySQL", "lib\Alidu.EFCore.MySQL\Alidu.EFCore.MySQL.csproj", "{F4226557-FED1-419E-B4D6-2CD9060F9348}"
EndProject
Project("{9A19103F-16F7-4668-BE54-9A1E7A4F7556}") = "Alidu.MongoDB", "lib\Alidu.MongoDB\Alidu.MongoDB.csproj", "{3015A8AC-E739-418D-9CF0-EAB9100A1E09}"
EndProject
Project("{9A19103F-16F7-4668-BE54-9A1E7A4F7556}") = "Alidu.CQRS", "lib\Alidu.CQRS\Alidu.CQRS.csproj", "{500BF334-394F-45D1-9573-D6EEFBB33BDD}"
EndProject
Project("{2150E333-8FDC-42A3-9474-1A3956D46DE8}") = "core", "core", "{FC212246-4981-471D-9556-AB6A2BDC4ADA}"
EndProject
Project("{9A19103F-16F7-4668-BE54-9A1E7A4F7556}") = "Alidu.Condition", "lib\Alidu.Condition\Alidu.Condition.csproj", "{6B6C7EDC-6AB0-4B0F-AD26-8B967BDE17EC}"
EndProject
Global
	GlobalSection(SolutionConfigurationPlatforms) = preSolution
		Debug|Any CPU = Debug|Any CPU
		Release|Any CPU = Release|Any CPU
	EndGlobalSection
	GlobalSection(ProjectConfigurationPlatforms) = postSolution
		{1B2EACE1-5630-4786-B593-80C1B32A724F}.Debug|Any CPU.ActiveCfg = Debug|Any CPU
		{1B2EACE1-5630-4786-B593-80C1B32A724F}.Debug|Any CPU.Build.0 = Debug|Any CPU
		{1B2EACE1-5630-4786-B593-80C1B32A724F}.Release|Any CPU.ActiveCfg = Release|Any CPU
		{1B2EACE1-5630-4786-B593-80C1B32A724F}.Release|Any CPU.Build.0 = Release|Any CPU
		{A7CFE82B-EAC4-4944-B153-E1AC2A90F8B9}.Debug|Any CPU.ActiveCfg = Debug|Any CPU
		{A7CFE82B-EAC4-4944-B153-E1AC2A90F8B9}.Debug|Any CPU.Build.0 = Debug|Any CPU
		{A7CFE82B-EAC4-4944-B153-E1AC2A90F8B9}.Release|Any CPU.ActiveCfg = Release|Any CPU
		{A7CFE82B-EAC4-4944-B153-E1AC2A90F8B9}.Release|Any CPU.Build.0 = Release|Any CPU
		{DF65948A-F3EF-4F1A-B7A4-31310A000CED}.Debug|Any CPU.ActiveCfg = Debug|Any CPU
		{DF65948A-F3EF-4F1A-B7A4-31310A000CED}.Debug|Any CPU.Build.0 = Debug|Any CPU
		{DF65948A-F3EF-4F1A-B7A4-31310A000CED}.Release|Any CPU.ActiveCfg = Release|Any CPU
		{DF65948A-F3EF-4F1A-B7A4-31310A000CED}.Release|Any CPU.Build.0 = Release|Any CPU
		{4EBD2C7A-EBC9-44C7-8838-B89ED81366E4}.Debug|Any CPU.ActiveCfg = Debug|Any CPU
		{4EBD2C7A-EBC9-44C7-8838-B89ED81366E4}.Debug|Any CPU.Build.0 = Debug|Any CPU
		{4EBD2C7A-EBC9-44C7-8838-B89ED81366E4}.Release|Any CPU.ActiveCfg = Release|Any CPU
		{4EBD2C7A-EBC9-44C7-8838-B89ED81366E4}.Release|Any CPU.Build.0 = Release|Any CPU
		{CC7F3F67-555E-4AB5-B5FB-356E77DF0D41}.Debug|Any CPU.ActiveCfg = Debug|Any CPU
		{CC7F3F67-555E-4AB5-B5FB-356E77DF0D41}.Debug|Any CPU.Build.0 = Debug|Any CPU
		{CC7F3F67-555E-4AB5-B5FB-356E77DF0D41}.Release|Any CPU.ActiveCfg = Release|Any CPU
		{CC7F3F67-555E-4AB5-B5FB-356E77DF0D41}.Release|Any CPU.Build.0 = Release|Any CPU
		{F4226557-FED1-419E-B4D6-2CD9060F9348}.Debug|Any CPU.ActiveCfg = Debug|Any CPU
		{F4226557-FED1-419E-B4D6-2CD9060F9348}.Debug|Any CPU.Build.0 = Debug|Any CPU
		{F4226557-FED1-419E-B4D6-2CD9060F9348}.Release|Any CPU.ActiveCfg = Release|Any CPU
		{F4226557-FED1-419E-B4D6-2CD9060F9348}.Release|Any CPU.Build.0 = Release|Any CPU
		{3015A8AC-E739-418D-9CF0-EAB9100A1E09}.Debug|Any CPU.ActiveCfg = Debug|Any CPU
		{3015A8AC-E739-418D-9CF0-EAB9100A1E09}.Debug|Any CPU.Build.0 = Debug|Any CPU
		{3015A8AC-E739-418D-9CF0-EAB9100A1E09}.Release|Any CPU.ActiveCfg = Release|Any CPU
		{3015A8AC-E739-418D-9CF0-EAB9100A1E09}.Release|Any CPU.Build.0 = Release|Any CPU
		{500BF334-394F-45D1-9573-D6EEFBB33BDD}.Debug|Any CPU.ActiveCfg = Debug|Any CPU
		{500BF334-394F-45D1-9573-D6EEFBB33BDD}.Debug|Any CPU.Build.0 = Debug|Any CPU
		{500BF334-394F-45D1-9573-D6EEFBB33BDD}.Release|Any CPU.ActiveCfg = Release|Any CPU
		{500BF334-394F-45D1-9573-D6EEFBB33BDD}.Release|Any CPU.Build.0 = Release|Any CPU
		{6B6C7EDC-6AB0-4B0F-AD26-8B967BDE17EC}.Debug|Any CPU.ActiveCfg = Debug|Any CPU
		{6B6C7EDC-6AB0-4B0F-AD26-8B967BDE17EC}.Debug|Any CPU.Build.0 = Debug|Any CPU
		{6B6C7EDC-6AB0-4B0F-AD26-8B967BDE17EC}.Release|Any CPU.ActiveCfg = Release|Any CPU
		{6B6C7EDC-6AB0-4B0F-AD26-8B967BDE17EC}.Release|Any CPU.Build.0 = Release|Any CPU
	EndGlobalSection
	GlobalSection(SolutionProperties) = preSolution
		HideSolutionNode = FALSE
	EndGlobalSection
	GlobalSection(NestedProjects) = preSolution
		{1B2EACE1-5630-4786-B593-80C1B32A724F} = {610E5DE4-72A3-4028-9B3C-F50F79B28544}
		{A7CFE82B-EAC4-4944-B153-E1AC2A90F8B9} = {FC212246-4981-471D-9556-AB6A2BDC4ADA}
		{DF65948A-F3EF-4F1A-B7A4-31310A000CED} = {610E5DE4-72A3-4028-9B3C-F50F79B28544}
		{4EBD2C7A-EBC9-44C7-8838-B89ED81366E4} = {610E5DE4-72A3-4028-9B3C-F50F79B28544}
		{CC7F3F67-555E-4AB5-B5FB-356E77DF0D41} = {610E5DE4-72A3-4028-9B3C-F50F79B28544}
		{F4226557-FED1-419E-B4D6-2CD9060F9348} = {610E5DE4-72A3-4028-9B3C-F50F79B28544}
		{3015A8AC-E739-418D-9CF0-EAB9100A1E09} = {610E5DE4-72A3-4028-9B3C-F50F79B28544}
		{500BF334-394F-45D1-9573-D6EEFBB33BDD} = {610E5DE4-72A3-4028-9B3C-F50F79B28544}
		{FC212246-4981-471D-9556-AB6A2BDC4ADA} = {610E5DE4-72A3-4028-9B3C-F50F79B28544}
		{6B6C7EDC-6AB0-4B0F-AD26-8B967BDE17EC} = {610E5DE4-72A3-4028-9B3C-F50F79B28544}
	EndGlobalSection
	GlobalSection(ExtensibilityGlobals) = postSolution
		SolutionGuid = {E9B5ECFB-D392-4706-AFFB-131EB1BBC2F6}
	EndGlobalSection
EndGlobal
